
Microsoft Visual Studio Solution File, Format Version 12.00
# Visual Studio Version 17
VisualStudioVersion = 17.14.36518.9 d17.14
MinimumVisualStudioVersion = 10.0.40219.1
Project("{FAE04EC0-301F-11D3-BF4B-00C04F79EFBC}") = "IKEA.PL", "IKEA.PL\IKEA.PL.csproj", "{0C4035FC-6106-430D-B046-E4B57DCC190D}"
EndProject
Project("{FAE04EC0-301F-11D3-BF4B-00C04F79EFBC}") = "IKEA.DAL", "IKEA.DAL1\IKEA.DAL.csproj", "{AC9D699B-1727-41A3-8A9F-7061BA6B64FF}"
EndProject
Project("{FAE04EC0-301F-11D3-BF4B-00C04F79EFBC}") = "IKEA.BLL", "IKEA.BLL\IKEA.BLL.csproj", "{9629D396-34DC-452C-9F30-F5E7BDA18C72}"
EndProject
Global
	GlobalSection(SolutionConfigurationPlatforms) = preSolution
		Debug|Any CPU = Debug|Any CPU
		Release|Any CPU = Release|Any CPU
	EndGlobalSection
	GlobalSection(ProjectConfigurationPlatforms) = postSolution
		{0C4035FC-6106-430D-B046-E4B57DCC190D}.Debug|Any CPU.ActiveCfg = Debug|Any CPU
		{0C4035FC-6106-430D-B046-E4B57DCC190D}.Debug|Any CPU.Build.0 = Debug|Any CPU
		{0C4035FC-6106-430D-B046-E4B57DCC190D}.Release|Any CPU.ActiveCfg = Release|Any CPU
		{0C4035FC-6106-430D-B046-E4B57DCC190D}.Release|Any CPU.Build.0 = Release|Any CPU
		{AC9D699B-1727-41A3-8A9F-7061BA6B64FF}.Debug|Any CPU.ActiveCfg = Debug|Any CPU
		{AC9D699B-1727-41A3-8A9F-7061BA6B64FF}.Debug|Any CPU.Build.0 = Debug|Any CPU
		{AC9D699B-1727-41A3-8A9F-7061BA6B64FF}.Release|Any CPU.ActiveCfg = Release|Any CPU
		{AC9D699B-1727-41A3-8A9F-7061BA6B64FF}.Release|Any CPU.Build.0 = Release|Any CPU
		{9629D396-34DC-452C-9F30-F5E7BDA18C72}.Debug|Any CPU.ActiveCfg = Debug|Any CPU
		{9629D396-34DC-452C-9F30-F5E7BDA18C72}.Debug|Any CPU.Build.0 = Debug|Any CPU
		{9629D396-34DC-452C-9F30-F5E7BDA18C72}.Release|Any CPU.ActiveCfg = Release|Any CPU
		{9629D396-34DC-452C-9F30-F5E7BDA18C72}.Release|Any CPU.Build.0 = Release|Any CPU
	EndGlobalSection
	GlobalSection(SolutionProperties) = preSolution
		HideSolutionNode = FALSE
	EndGlobalSection
	GlobalSection(ExtensibilityGlobals) = postSolution
		SolutionGuid = {AADAD7AA-53D3-4395-B48A-0C370BD8E253}
	EndGlobalSection
EndGlobal
